// !$*UTF8*$!
{
	archiveVersion = 1;
	classes = {
	};
	objectVersion = 46;
	objects = {

/* Begin PBXBuildFile section */
		52BD6B0A1C194D0600F135EA /* main.m in Sources */ = {isa = PBXBuildFile; fileRef = 52BD6B091C194D0600F135EA /* main.m */; };
		52BD6B0D1C194D0600F135EA /* AppDelegate.m in Sources */ = {isa = PBXBuildFile; fileRef = 52BD6B0C1C194D0600F135EA /* AppDelegate.m */; };
		52BD6B151C194D0600F135EA /* Images.xcassets in Resources */ = {isa = PBXBuildFile; fileRef = 52BD6B141C194D0600F135EA /* Images.xcassets */; };
		52BD6B181C194D0600F135EA /* LaunchScreen.xib in Resources */ = {isa = PBXBuildFile; fileRef = 52BD6B161C194D0600F135EA /* LaunchScreen.xib */; };
		52BD6B241C194D0600F135EA /* TKTokenTextViewTests.m in Sources */ = {isa = PBXBuildFile; fileRef = 52BD6B231C194D0600F135EA /* TKTokenTextViewTests.m */; };
		52BD6B321C194F1500F135EA /* Locations.m in Sources */ = {isa = PBXBuildFile; fileRef = 52BD6B2F1C194F1500F135EA /* Locations.m */; };
		52BD6B331C194F1500F135EA /* Names.m in Sources */ = {isa = PBXBuildFile; fileRef = 52BD6B311C194F1500F135EA /* Names.m */; };
		52BD6B3C1C194F2300F135EA /* TKTextAttachment.m in Sources */ = {isa = PBXBuildFile; fileRef = 52BD6B351C194F2300F135EA /* TKTextAttachment.m */; };
		52BD6B3D1C194F2300F135EA /* TKTextStorage.m in Sources */ = {isa = PBXBuildFile; fileRef = 52BD6B371C194F2300F135EA /* TKTextStorage.m */; };
		52BD6B3E1C194F2300F135EA /* TokenTextView.m in Sources */ = {isa = PBXBuildFile; fileRef = 52BD6B391C194F2300F135EA /* TokenTextView.m */; };
		52BD6B3F1C194F2300F135EA /* TTokenTextViewController.m in Sources */ = {isa = PBXBuildFile; fileRef = 52BD6B3B1C194F2300F135EA /* TTokenTextViewController.m */; };
		52BD6DD01C1A6A9D00F135EA /* Info.plist in Resources */ = {isa = PBXBuildFile; fileRef = 52BD6DB61C1A6A9D00F135EA /* Info.plist */; };
		52BD6DD11C1A6A9D00F135EA /* MASCompositeConstraint.m in Sources */ = {isa = PBXBuildFile; fileRef = 52BD6DB81C1A6A9D00F135EA /* MASCompositeConstraint.m */; };
		52BD6DD21C1A6A9D00F135EA /* MASConstraint.m in Sources */ = {isa = PBXBuildFile; fileRef = 52BD6DBB1C1A6A9D00F135EA /* MASConstraint.m */; };
		52BD6DD31C1A6A9D00F135EA /* MASConstraintMaker.m in Sources */ = {isa = PBXBuildFile; fileRef = 52BD6DBD1C1A6A9D00F135EA /* MASConstraintMaker.m */; };
		52BD6DD41C1A6A9D00F135EA /* MASLayoutConstraint.m in Sources */ = {isa = PBXBuildFile; fileRef = 52BD6DBF1C1A6A9D00F135EA /* MASLayoutConstraint.m */; };
		52BD6DD51C1A6A9D00F135EA /* MASViewAttribute.m in Sources */ = {isa = PBXBuildFile; fileRef = 52BD6DC31C1A6A9D00F135EA /* MASViewAttribute.m */; };
		52BD6DD61C1A6A9D00F135EA /* MASViewConstraint.m in Sources */ = {isa = PBXBuildFile; fileRef = 52BD6DC51C1A6A9D00F135EA /* MASViewConstraint.m */; };
		52BD6DD71C1A6A9D00F135EA /* NSArray+MASAdditions.m in Sources */ = {isa = PBXBuildFile; fileRef = 52BD6DC71C1A6A9D00F135EA /* NSArray+MASAdditions.m */; };
		52BD6DD81C1A6A9D00F135EA /* NSLayoutConstraint+MASDebugAdditions.m in Sources */ = {isa = PBXBuildFile; fileRef = 52BD6DCA1C1A6A9D00F135EA /* NSLayoutConstraint+MASDebugAdditions.m */; };
		52BD6DD91C1A6A9D00F135EA /* View+MASAdditions.m in Sources */ = {isa = PBXBuildFile; fileRef = 52BD6DCC1C1A6A9D00F135EA /* View+MASAdditions.m */; };
		52BD6DDA1C1A6A9D00F135EA /* ViewController+MASAdditions.m in Sources */ = {isa = PBXBuildFile; fileRef = 52BD6DCF1C1A6A9D00F135EA /* ViewController+MASAdditions.m */; };
/* End PBXBuildFile section */

/* Begin PBXContainerItemProxy section */
		52BD6B1E1C194D0600F135EA /* PBXContainerItemProxy */ = {
			isa = PBXContainerItemProxy;
			containerPortal = 52BD6AFC1C194D0600F135EA /* Project object */;
			proxyType = 1;
			remoteGlobalIDString = 52BD6B031C194D0600F135EA;
			remoteInfo = TKTokenTextView;
		};
/* End PBXContainerItemProxy section */

/* Begin PBXFileReference section */
		52BD6B041C194D0600F135EA /* TKTokenTextView.app */ = {isa = PBXFileReference; explicitFileType = wrapper.application; includeInIndex = 0; path = TKTokenTextView.app; sourceTree = BUILT_PRODUCTS_DIR; };
		52BD6B081C194D0600F135EA /* Info.plist */ = {isa = PBXFileReference; lastKnownFileType = text.plist.xml; path = Info.plist; sourceTree = "<group>"; };
		52BD6B091C194D0600F135EA /* main.m */ = {isa = PBXFileReference; lastKnownFileType = sourcecode.c.objc; path = main.m; sourceTree = "<group>"; };
		52BD6B0B1C194D0600F135EA /* AppDelegate.h */ = {isa = PBXFileReference; lastKnownFileType = sourcecode.c.h; name = AppDelegate.h; path = TKTokenTextView/AppDelegate.h; sourceTree = "<group>"; };
		52BD6B0C1C194D0600F135EA /* AppDelegate.m */ = {isa = PBXFileReference; lastKnownFileType = sourcecode.c.objc; name = AppDelegate.m; path = TKTokenTextView/AppDelegate.m; sourceTree = "<group>"; };
		52BD6B141C194D0600F135EA /* Images.xcassets */ = {isa = PBXFileReference; lastKnownFileType = folder.assetcatalog; name = Images.xcassets; path = TKTokenTextView/Images.xcassets; sourceTree = "<group>"; };
		52BD6B171C194D0600F135EA /* Base */ = {isa = PBXFileReference; lastKnownFileType = file.xib; name = Base; path = Base.lproj/LaunchScreen.xib; sourceTree = "<group>"; };
		52BD6B1D1C194D0600F135EA /* TKTokenTextViewTests.xctest */ = {isa = PBXFileReference; explicitFileType = wrapper.cfbundle; includeInIndex = 0; path = TKTokenTextViewTests.xctest; sourceTree = BUILT_PRODUCTS_DIR; };
		52BD6B221C194D0600F135EA /* Info.plist */ = {isa = PBXFileReference; lastKnownFileType = text.plist.xml; path = Info.plist; sourceTree = "<group>"; };
		52BD6B231C194D0600F135EA /* TKTokenTextViewTests.m */ = {isa = PBXFileReference; lastKnownFileType = sourcecode.c.objc; path = TKTokenTextViewTests.m; sourceTree = "<group>"; };
		52BD6B2E1C194F1500F135EA /* Locations.h */ = {isa = PBXFileReference; fileEncoding = 4; lastKnownFileType = sourcecode.c.h; path = Locations.h; sourceTree = "<group>"; };
		52BD6B2F1C194F1500F135EA /* Locations.m */ = {isa = PBXFileReference; fileEncoding = 4; lastKnownFileType = sourcecode.c.objc; path = Locations.m; sourceTree = "<group>"; };
		52BD6B301C194F1500F135EA /* Names.h */ = {isa = PBXFileReference; fileEncoding = 4; lastKnownFileType = sourcecode.c.h; path = Names.h; sourceTree = "<group>"; };
		52BD6B311C194F1500F135EA /* Names.m */ = {isa = PBXFileReference; fileEncoding = 4; lastKnownFileType = sourcecode.c.objc; path = Names.m; sourceTree = "<group>"; };
		52BD6B341C194F2300F135EA /* TKTextAttachment.h */ = {isa = PBXFileReference; fileEncoding = 4; lastKnownFileType = sourcecode.c.h; path = TKTextAttachment.h; sourceTree = "<group>"; };
		52BD6B351C194F2300F135EA /* TKTextAttachment.m */ = {isa = PBXFileReference; fileEncoding = 4; lastKnownFileType = sourcecode.c.objc; path = TKTextAttachment.m; sourceTree = "<group>"; };
		52BD6B361C194F2300F135EA /* TKTextStorage.h */ = {isa = PBXFileReference; fileEncoding = 4; lastKnownFileType = sourcecode.c.h; path = TKTextStorage.h; sourceTree = "<group>"; };
		52BD6B371C194F2300F135EA /* TKTextStorage.m */ = {isa = PBXFileReference; fileEncoding = 4; lastKnownFileType = sourcecode.c.objc; path = TKTextStorage.m; sourceTree = "<group>"; };
		52BD6B381C194F2300F135EA /* TokenTextView.h */ = {isa = PBXFileReference; fileEncoding = 4; lastKnownFileType = sourcecode.c.h; path = TokenTextView.h; sourceTree = "<group>"; };
		52BD6B391C194F2300F135EA /* TokenTextView.m */ = {isa = PBXFileReference; fileEncoding = 4; lastKnownFileType = sourcecode.c.objc; path = TokenTextView.m; sourceTree = "<group>"; };
		52BD6B3A1C194F2300F135EA /* TTokenTextViewController.h */ = {isa = PBXFileReference; fileEncoding = 4; lastKnownFileType = sourcecode.c.h; name = TTokenTextViewController.h; path = TKTokenTextView/TTokenTextViewController.h; sourceTree = "<group>"; };
		52BD6B3B1C194F2300F135EA /* TTokenTextViewController.m */ = {isa = PBXFileReference; fileEncoding = 4; lastKnownFileType = sourcecode.c.objc; name = TTokenTextViewController.m; path = TKTokenTextView/TTokenTextViewController.m; sourceTree = "<group>"; };
		52BD6DB61C1A6A9D00F135EA /* Info.plist */ = {isa = PBXFileReference; fileEncoding = 4; lastKnownFileType = text.plist.xml; path = Info.plist; sourceTree = "<group>"; };
		52BD6DB71C1A6A9D00F135EA /* MASCompositeConstraint.h */ = {isa = PBXFileReference; fileEncoding = 4; lastKnownFileType = sourcecode.c.h; path = MASCompositeConstraint.h; sourceTree = "<group>"; };
		52BD6DB81C1A6A9D00F135EA /* MASCompositeConstraint.m */ = {isa = PBXFileReference; fileEncoding = 4; lastKnownFileType = sourcecode.c.objc; path = MASCompositeConstraint.m; sourceTree = "<group>"; };
		52BD6DB91C1A6A9D00F135EA /* MASConstraint+Private.h */ = {isa = PBXFileReference; fileEncoding = 4; lastKnownFileType = sourcecode.c.h; path = "MASConstraint+Private.h"; sourceTree = "<group>"; };
		52BD6DBA1C1A6A9D00F135EA /* MASConstraint.h */ = {isa = PBXFileReference; fileEncoding = 4; lastKnownFileType = sourcecode.c.h; path = MASConstraint.h; sourceTree = "<group>"; };
		52BD6DBB1C1A6A9D00F135EA /* MASConstraint.m */ = {isa = PBXFileReference; fileEncoding = 4; lastKnownFileType = sourcecode.c.objc; path = MASConstraint.m; sourceTree = "<group>"; };
		52BD6DBC1C1A6A9D00F135EA /* MASConstraintMaker.h */ = {isa = PBXFileReference; fileEncoding = 4; lastKnownFileType = sourcecode.c.h; path = MASConstraintMaker.h; sourceTree = "<group>"; };
		52BD6DBD1C1A6A9D00F135EA /* MASConstraintMaker.m */ = {isa = PBXFileReference; fileEncoding = 4; lastKnownFileType = sourcecode.c.objc; path = MASConstraintMaker.m; sourceTree = "<group>"; };
		52BD6DBE1C1A6A9D00F135EA /* MASLayoutConstraint.h */ = {isa = PBXFileReference; fileEncoding = 4; lastKnownFileType = sourcecode.c.h; path = MASLayoutConstraint.h; sourceTree = "<group>"; };
		52BD6DBF1C1A6A9D00F135EA /* MASLayoutConstraint.m */ = {isa = PBXFileReference; fileEncoding = 4; lastKnownFileType = sourcecode.c.objc; path = MASLayoutConstraint.m; sourceTree = "<group>"; };
		52BD6DC01C1A6A9D00F135EA /* Masonry.h */ = {isa = PBXFileReference; fileEncoding = 4; lastKnownFileType = sourcecode.c.h; path = Masonry.h; sourceTree = "<group>"; };
		52BD6DC11C1A6A9D00F135EA /* MASUtilities.h */ = {isa = PBXFileReference; fileEncoding = 4; lastKnownFileType = sourcecode.c.h; path = MASUtilities.h; sourceTree = "<group>"; };
		52BD6DC21C1A6A9D00F135EA /* MASViewAttribute.h */ = {isa = PBXFileReference; fileEncoding = 4; lastKnownFileType = sourcecode.c.h; path = MASViewAttribute.h; sourceTree = "<group>"; };
		52BD6DC31C1A6A9D00F135EA /* MASViewAttribute.m */ = {isa = PBXFileReference; fileEncoding = 4; lastKnownFileType = sourcecode.c.objc; path = MASViewAttribute.m; sourceTree = "<group>"; };
		52BD6DC41C1A6A9D00F135EA /* MASViewConstraint.h */ = {isa = PBXFileReference; fileEncoding = 4; lastKnownFileType = sourcecode.c.h; path = MASViewConstraint.h; sourceTree = "<group>"; };
		52BD6DC51C1A6A9D00F135EA /* MASViewConstraint.m */ = {isa = PBXFileReference; fileEncoding = 4; lastKnownFileType = sourcecode.c.objc; path = MASViewConstraint.m; sourceTree = "<group>"; };
		52BD6DC61C1A6A9D00F135EA /* NSArray+MASAdditions.h */ = {isa = PBXFileReference; fileEncoding = 4; lastKnownFileType = sourcecode.c.h; path = "NSArray+MASAdditions.h"; sourceTree = "<group>"; };
		52BD6DC71C1A6A9D00F135EA /* NSArray+MASAdditions.m */ = {isa = PBXFileReference; fileEncoding = 4; lastKnownFileType = sourcecode.c.objc; path = "NSArray+MASAdditions.m"; sourceTree = "<group>"; };
		52BD6DC81C1A6A9D00F135EA /* NSArray+MASShorthandAdditions.h */ = {isa = PBXFileReference; fileEncoding = 4; lastKnownFileType = sourcecode.c.h; path = "NSArray+MASShorthandAdditions.h"; sourceTree = "<group>"; };
		52BD6DC91C1A6A9D00F135EA /* NSLayoutConstraint+MASDebugAdditions.h */ = {isa = PBXFileReference; fileEncoding = 4; lastKnownFileType = sourcecode.c.h; path = "NSLayoutConstraint+MASDebugAdditions.h"; sourceTree = "<group>"; };
		52BD6DCA1C1A6A9D00F135EA /* NSLayoutConstraint+MASDebugAdditions.m */ = {isa = PBXFileReference; fileEncoding = 4; lastKnownFileType = sourcecode.c.objc; path = "NSLayoutConstraint+MASDebugAdditions.m"; sourceTree = "<group>"; };
		52BD6DCB1C1A6A9D00F135EA /* View+MASAdditions.h */ = {isa = PBXFileReference; fileEncoding = 4; lastKnownFileType = sourcecode.c.h; path = "View+MASAdditions.h"; sourceTree = "<group>"; };
		52BD6DCC1C1A6A9D00F135EA /* View+MASAdditions.m */ = {isa = PBXFileReference; fileEncoding = 4; lastKnownFileType = sourcecode.c.objc; path = "View+MASAdditions.m"; sourceTree = "<group>"; };
		52BD6DCD1C1A6A9D00F135EA /* View+MASShorthandAdditions.h */ = {isa = PBXFileReference; fileEncoding = 4; lastKnownFileType = sourcecode.c.h; path = "View+MASShorthandAdditions.h"; sourceTree = "<group>"; };
		52BD6DCE1C1A6A9D00F135EA /* ViewController+MASAdditions.h */ = {isa = PBXFileReference; fileEncoding = 4; lastKnownFileType = sourcecode.c.h; path = "ViewController+MASAdditions.h"; sourceTree = "<group>"; };
		52BD6DCF1C1A6A9D00F135EA /* ViewController+MASAdditions.m */ = {isa = PBXFileReference; fileEncoding = 4; lastKnownFileType = sourcecode.c.objc; path = "ViewController+MASAdditions.m"; sourceTree = "<group>"; };
/* End PBXFileReference section */

/* Begin PBXFrameworksBuildPhase section */
		52BD6B011C194D0600F135EA /* Frameworks */ = {
			isa = PBXFrameworksBuildPhase;
			buildActionMask = 2147483647;
			files = (
			);
			runOnlyForDeploymentPostprocessing = 0;
		};
		52BD6B1A1C194D0600F135EA /* Frameworks */ = {
			isa = PBXFrameworksBuildPhase;
			buildActionMask = 2147483647;
			files = (
			);
			runOnlyForDeploymentPostprocessing = 0;
		};
/* End PBXFrameworksBuildPhase section */

/* Begin PBXGroup section */
		52BD6AFB1C194D0600F135EA = {
			isa = PBXGroup;
			children = (
				52BD6B0B1C194D0600F135EA /* AppDelegate.h */,
				52BD6B0C1C194D0600F135EA /* AppDelegate.m */,
				52BD6B141C194D0600F135EA /* Images.xcassets */,
				52BD6B161C194D0600F135EA /* LaunchScreen.xib */,
				52BD6B3A1C194F2300F135EA /* TTokenTextViewController.h */,
				52BD6B3B1C194F2300F135EA /* TTokenTextViewController.m */,
				52BD6DB51C1A6A9D00F135EA /* Masonry */,
				52BD6B061C194D0600F135EA /* TKTokenTextView */,
				52BD6B201C194D0600F135EA /* TKTokenTextViewTests */,
				52BD6B051C194D0600F135EA /* Products */,
			);
			sourceTree = "<group>";
		};
		52BD6B051C194D0600F135EA /* Products */ = {
			isa = PBXGroup;
			children = (
				52BD6B041C194D0600F135EA /* TKTokenTextView.app */,
				52BD6B1D1C194D0600F135EA /* TKTokenTextViewTests.xctest */,
			);
			name = Products;
			sourceTree = "<group>";
		};
		52BD6B061C194D0600F135EA /* TKTokenTextView */ = {
			isa = PBXGroup;
			children = (
				52BD6B341C194F2300F135EA /* TKTextAttachment.h */,
				52BD6B351C194F2300F135EA /* TKTextAttachment.m */,
				52BD6B361C194F2300F135EA /* TKTextStorage.h */,
				52BD6B371C194F2300F135EA /* TKTextStorage.m */,
				52BD6B381C194F2300F135EA /* TokenTextView.h */,
				52BD6B391C194F2300F135EA /* TokenTextView.m */,
				52BD6B2D1C194D8800F135EA /* Resource */,
				52BD6B071C194D0600F135EA /* Supporting Files */,
			);
			path = TKTokenTextView;
			sourceTree = "<group>";
		};
		52BD6B071C194D0600F135EA /* Supporting Files */ = {
			isa = PBXGroup;
			children = (
				52BD6B081C194D0600F135EA /* Info.plist */,
				52BD6B091C194D0600F135EA /* main.m */,
			);
			name = "Supporting Files";
			sourceTree = "<group>";
		};
		52BD6B201C194D0600F135EA /* TKTokenTextViewTests */ = {
			isa = PBXGroup;
			children = (
				52BD6B231C194D0600F135EA /* TKTokenTextViewTests.m */,
				52BD6B211C194D0600F135EA /* Supporting Files */,
			);
			path = TKTokenTextViewTests;
			sourceTree = "<group>";
		};
		52BD6B211C194D0600F135EA /* Supporting Files */ = {
			isa = PBXGroup;
			children = (
				52BD6B221C194D0600F135EA /* Info.plist */,
			);
			name = "Supporting Files";
			sourceTree = "<group>";
		};
		52BD6B2D1C194D8800F135EA /* Resource */ = {
			isa = PBXGroup;
			children = (
				52BD6B2E1C194F1500F135EA /* Locations.h */,
				52BD6B2F1C194F1500F135EA /* Locations.m */,
				52BD6B301C194F1500F135EA /* Names.h */,
				52BD6B311C194F1500F135EA /* Names.m */,
			);
			name = Resource;
			sourceTree = "<group>";
		};
		52BD6DB51C1A6A9D00F135EA /* Masonry */ = {
			isa = PBXGroup;
			children = (
				52BD6DB61C1A6A9D00F135EA /* Info.plist */,
				52BD6DB71C1A6A9D00F135EA /* MASCompositeConstraint.h */,
				52BD6DB81C1A6A9D00F135EA /* MASCompositeConstraint.m */,
				52BD6DB91C1A6A9D00F135EA /* MASConstraint+Private.h */,
				52BD6DBA1C1A6A9D00F135EA /* MASConstraint.h */,
				52BD6DBB1C1A6A9D00F135EA /* MASConstraint.m */,
				52BD6DBC1C1A6A9D00F135EA /* MASConstraintMaker.h */,
				52BD6DBD1C1A6A9D00F135EA /* MASConstraintMaker.m */,
				52BD6DBE1C1A6A9D00F135EA /* MASLayoutConstraint.h */,
				52BD6DBF1C1A6A9D00F135EA /* MASLayoutConstraint.m */,
				52BD6DC01C1A6A9D00F135EA /* Masonry.h */,
				52BD6DC11C1A6A9D00F135EA /* MASUtilities.h */,
				52BD6DC21C1A6A9D00F135EA /* MASViewAttribute.h */,
				52BD6DC31C1A6A9D00F135EA /* MASViewAttribute.m */,
				52BD6DC41C1A6A9D00F135EA /* MASViewConstraint.h */,
				52BD6DC51C1A6A9D00F135EA /* MASViewConstraint.m */,
				52BD6DC61C1A6A9D00F135EA /* NSArray+MASAdditions.h */,
				52BD6DC71C1A6A9D00F135EA /* NSArray+MASAdditions.m */,
				52BD6DC81C1A6A9D00F135EA /* NSArray+MASShorthandAdditions.h */,
				52BD6DC91C1A6A9D00F135EA /* NSLayoutConstraint+MASDebugAdditions.h */,
				52BD6DCA1C1A6A9D00F135EA /* NSLayoutConstraint+MASDebugAdditions.m */,
				52BD6DCB1C1A6A9D00F135EA /* View+MASAdditions.h */,
				52BD6DCC1C1A6A9D00F135EA /* View+MASAdditions.m */,
				52BD6DCD1C1A6A9D00F135EA /* View+MASShorthandAdditions.h */,
				52BD6DCE1C1A6A9D00F135EA /* ViewController+MASAdditions.h */,
				52BD6DCF1C1A6A9D00F135EA /* ViewController+MASAdditions.m */,
			);
			name = Masonry;
			path = TKTokenTextView/Masonry;
			sourceTree = "<group>";
		};
/* End PBXGroup section */

/* Begin PBXNativeTarget section */
		52BD6B031C194D0600F135EA /* TKTokenTextView */ = {
			isa = PBXNativeTarget;
			buildConfigurationList = 52BD6B271C194D0600F135EA /* Build configuration list for PBXNativeTarget "TKTokenTextView" */;
			buildPhases = (
				52BD6B001C194D0600F135EA /* Sources */,
				52BD6B011C194D0600F135EA /* Frameworks */,
				52BD6B021C194D0600F135EA /* Resources */,
			);
			buildRules = (
			);
			dependencies = (
			);
			name = TKTokenTextView;
			productName = TKTokenTextView;
			productReference = 52BD6B041C194D0600F135EA /* TKTokenTextView.app */;
			productType = "com.apple.product-type.application";
		};
		52BD6B1C1C194D0600F135EA /* TKTokenTextViewTests */ = {
			isa = PBXNativeTarget;
			buildConfigurationList = 52BD6B2A1C194D0600F135EA /* Build configuration list for PBXNativeTarget "TKTokenTextViewTests" */;
			buildPhases = (
				52BD6B191C194D0600F135EA /* Sources */,
				52BD6B1A1C194D0600F135EA /* Frameworks */,
				52BD6B1B1C194D0600F135EA /* Resources */,
			);
			buildRules = (
			);
			dependencies = (
				52BD6B1F1C194D0600F135EA /* PBXTargetDependency */,
			);
			name = TKTokenTextViewTests;
			productName = TKTokenTextViewTests;
			productReference = 52BD6B1D1C194D0600F135EA /* TKTokenTextViewTests.xctest */;
			productType = "com.apple.product-type.bundle.unit-test";
		};
/* End PBXNativeTarget section */

/* Begin PBXProject section */
		52BD6AFC1C194D0600F135EA /* Project object */ = {
			isa = PBXProject;
			attributes = {
				LastUpgradeCheck = 0630;
				ORGANIZATIONNAME = Toki;
				TargetAttributes = {
					52BD6B031C194D0600F135EA = {
						CreatedOnToolsVersion = 6.3;
					};
					52BD6B1C1C194D0600F135EA = {
						CreatedOnToolsVersion = 6.3;
						TestTargetID = 52BD6B031C194D0600F135EA;
					};
				};
			};
			buildConfigurationList = 52BD6AFF1C194D0600F135EA /* Build configuration list for PBXProject "TKTokenTextView" */;
			compatibilityVersion = "Xcode 3.2";
			developmentRegion = English;
			hasScannedForEncodings = 0;
			knownRegions = (
				en,
				Base,
			);
			mainGroup = 52BD6AFB1C194D0600F135EA;
			productRefGroup = 52BD6B051C194D0600F135EA /* Products */;
			projectDirPath = "";
			projectRoot = "";
			targets = (
				52BD6B031C194D0600F135EA /* TKTokenTextView */,
				52BD6B1C1C194D0600F135EA /* TKTokenTextViewTests */,
			);
		};
/* End PBXProject section */

/* Begin PBXResourcesBuildPhase section */
		52BD6B021C194D0600F135EA /* Resources */ = {
			isa = PBXResourcesBuildPhase;
			buildActionMask = 2147483647;
			files = (
				52BD6B181C194D0600F135EA /* LaunchScreen.xib in Resources */,
				52BD6B151C194D0600F135EA /* Images.xcassets in Resources */,
				52BD6DD01C1A6A9D00F135EA /* Info.plist in Resources */,
			);
			runOnlyForDeploymentPostprocessing = 0;
		};
		52BD6B1B1C194D0600F135EA /* Resources */ = {
			isa = PBXResourcesBuildPhase;
			buildActionMask = 2147483647;
			files = (
			);
			runOnlyForDeploymentPostprocessing = 0;
		};
/* End PBXResourcesBuildPhase section */

/* Begin PBXSourcesBuildPhase section */
		52BD6B001C194D0600F135EA /* Sources */ = {
			isa = PBXSourcesBuildPhase;
			buildActionMask = 2147483647;
			files = (
				52BD6B3E1C194F2300F135EA /* TokenTextView.m in Sources */,
				52BD6B321C194F1500F135EA /* Locations.m in Sources */,
				52BD6DD71C1A6A9D00F135EA /* NSArray+MASAdditions.m in Sources */,
				52BD6B0D1C194D0600F135EA /* AppDelegate.m in Sources */,
				52BD6B331C194F1500F135EA /* Names.m in Sources */,
				52BD6DD91C1A6A9D00F135EA /* View+MASAdditions.m in Sources */,
				52BD6DD41C1A6A9D00F135EA /* MASLayoutConstraint.m in Sources */,
				52BD6DD21C1A6A9D00F135EA /* MASConstraint.m in Sources */,
				52BD6DD81C1A6A9D00F135EA /* NSLayoutConstraint+MASDebugAdditions.m in Sources */,
				52BD6DD11C1A6A9D00F135EA /* MASCompositeConstraint.m in Sources */,
				52BD6B3C1C194F2300F135EA /* TKTextAttachment.m in Sources */,
				52BD6B0A1C194D0600F135EA /* main.m in Sources */,
				52BD6B3F1C194F2300F135EA /* TTokenTextViewController.m in Sources */,
				52BD6DD31C1A6A9D00F135EA /* MASConstraintMaker.m in Sources */,
				52BD6DDA1C1A6A9D00F135EA /* ViewController+MASAdditions.m in Sources */,
				52BD6DD61C1A6A9D00F135EA /* MASViewConstraint.m in Sources */,
				52BD6B3D1C194F2300F135EA /* TKTextStorage.m in Sources */,
				52BD6DD51C1A6A9D00F135EA /* MASViewAttribute.m in Sources */,
			);
			runOnlyForDeploymentPostprocessing = 0;
		};
		52BD6B191C194D0600F135EA /* Sources */ = {
			isa = PBXSourcesBuildPhase;
			buildActionMask = 2147483647;
			files = (
				52BD6B241C194D0600F135EA /* TKTokenTextViewTests.m in Sources */,
			);
			runOnlyForDeploymentPostprocessing = 0;
		};
/* End PBXSourcesBuildPhase section */

/* Begin PBXTargetDependency section */
		52BD6B1F1C194D0600F135EA /* PBXTargetDependency */ = {
			isa = PBXTargetDependency;
			target = 52BD6B031C194D0600F135EA /* TKTokenTextView */;
			targetProxy = 52BD6B1E1C194D0600F135EA /* PBXContainerItemProxy */;
		};
/* End PBXTargetDependency section */

/* Begin PBXVariantGroup section */
		52BD6B161C194D0600F135EA /* LaunchScreen.xib */ = {
			isa = PBXVariantGroup;
			children = (
				52BD6B171C194D0600F135EA /* Base */,
			);
			name = LaunchScreen.xib;
			path = TKTokenTextView;
			sourceTree = "<group>";
		};
/* End PBXVariantGroup section */

/* Begin XCBuildConfiguration section */
		52BD6B251C194D0600F135EA /* Debug */ = {
			isa = XCBuildConfiguration;
			buildSettings = {
				ALWAYS_SEARCH_USER_PATHS = NO;
				CLANG_CXX_LANGUAGE_STANDARD = "gnu++0x";
				CLANG_CXX_LIBRARY = "libc++";
				CLANG_ENABLE_MODULES = YES;
				CLANG_ENABLE_OBJC_ARC = YES;
				CLANG_WARN_BOOL_CONVERSION = YES;
				CLANG_WARN_CONSTANT_CONVERSION = YES;
				CLANG_WARN_DIRECT_OBJC_ISA_USAGE = YES_ERROR;
				CLANG_WARN_EMPTY_BODY = YES;
				CLANG_WARN_ENUM_CONVERSION = YES;
				CLANG_WARN_INT_CONVERSION = YES;
				CLANG_WARN_OBJC_ROOT_CLASS = YES_ERROR;
				CLANG_WARN_UNREACHABLE_CODE = YES;
				CLANG_WARN__DUPLICATE_METHOD_MATCH = YES;
				"CODE_SIGN_IDENTITY[sdk=iphoneos*]" = "iPhone Developer";
				COPY_PHASE_STRIP = NO;
				DEBUG_INFORMATION_FORMAT = "dwarf-with-dsym";
				ENABLE_STRICT_OBJC_MSGSEND = YES;
				GCC_C_LANGUAGE_STANDARD = gnu99;
				GCC_DYNAMIC_NO_PIC = NO;
				GCC_NO_COMMON_BLOCKS = YES;
				GCC_OPTIMIZATION_LEVEL = 0;
				GCC_PREPROCESSOR_DEFINITIONS = (
					"DEBUG=1",
					"$(inherited)",
				);
				GCC_SYMBOLS_PRIVATE_EXTERN = NO;
				GCC_WARN_64_TO_32_BIT_CONVERSION = YES;
				GCC_WARN_ABOUT_RETURN_TYPE = YES_ERROR;
				GCC_WARN_UNDECLARED_SELECTOR = YES;
				GCC_WARN_UNINITIALIZED_AUTOS = YES_AGGRESSIVE;
				GCC_WARN_UNUSED_FUNCTION = YES;
				GCC_WARN_UNUSED_VARIABLE = YES;
				IPHONEOS_DEPLOYMENT_TARGET = 8.3;
				MTL_ENABLE_DEBUG_INFO = YES;
				ONLY_ACTIVE_ARCH = YES;
				SDKROOT = iphoneos;
				TARGETED_DEVICE_FAMILY = "1,2";
			};
			name = Debug;
		};
		52BD6B261C194D0600F135EA /* Release */ = {
			isa = XCBuildConfiguration;
			buildSettings = {
				ALWAYS_SEARCH_USER_PATHS = NO;
				CLANG_CXX_LANGUAGE_STANDARD = "gnu++0x";
				CLANG_CXX_LIBRARY = "libc++";
				CLANG_ENABLE_MODULES = YES;
				CLANG_ENABLE_OBJC_ARC = YES;
				CLANG_WARN_BOOL_CONVERSION = YES;
				CLANG_WARN_CONSTANT_CONVERSION = YES;
				CLANG_WARN_DIRECT_OBJC_ISA_USAGE = YES_ERROR;
				CLANG_WARN_EMPTY_BODY = YES;
				CLANG_WARN_ENUM_CONVERSION = YES;
				CLANG_WARN_INT_CONVERSION = YES;
				CLANG_WARN_OBJC_ROOT_CLASS = YES_ERROR;
				CLANG_WARN_UNREACHABLE_CODE = YES;
				CLANG_WARN__DUPLICATE_METHOD_MATCH = YES;
				"CODE_SIGN_IDENTITY[sdk=iphoneos*]" = "iPhone Developer";
				COPY_PHASE_STRIP = NO;
				DEBUG_INFORMATION_FORMAT = "dwarf-with-dsym";
				ENABLE_NS_ASSERTIONS = NO;
				ENABLE_STRICT_OBJC_MSGSEND = YES;
				GCC_C_LANGUAGE_STANDARD = gnu99;
				GCC_NO_COMMON_BLOCKS = YES;
				GCC_WARN_64_TO_32_BIT_CONVERSION = YES;
				GCC_WARN_ABOUT_RETURN_TYPE = YES_ERROR;
				GCC_WARN_UNDECLARED_SELECTOR = YES;
				GCC_WARN_UNINITIALIZED_AUTOS = YES_AGGRESSIVE;
				GCC_WARN_UNUSED_FUNCTION = YES;
				GCC_WARN_UNUSED_VARIABLE = YES;
				IPHONEOS_DEPLOYMENT_TARGET = 8.3;
				MTL_ENABLE_DEBUG_INFO = NO;
				SDKROOT = iphoneos;
				TARGETED_DEVICE_FAMILY = "1,2";
				VALIDATE_PRODUCT = YES;
			};
			name = Release;
		};
		52BD6B281C194D0600F135EA /* Debug */ = {
			isa = XCBuildConfiguration;
			buildSettings = {
				ASSETCATALOG_COMPILER_APPICON_NAME = AppIcon;
				GCC_PRECOMPILE_PREFIX_HEADER = NO;
				GCC_PREFIX_HEADER = "";
				INFOPLIST_FILE = TKTokenTextView/Info.plist;
				LD_RUNPATH_SEARCH_PATHS = "$(inherited) @executable_path/Frameworks";
				PRODUCT_NAME = "$(TARGET_NAME)";
			};
			name = Debug;
		};
		52BD6B291C194D0600F135EA /* Release */ = {
			isa = XCBuildConfiguration;
			buildSettings = {
				ASSETCATALOG_COMPILER_APPICON_NAME = AppIcon;
				GCC_PRECOMPILE_PREFIX_HEADER = NO;
				GCC_PREFIX_HEADER = "";
				INFOPLIST_FILE = TKTokenTextView/Info.plist;
				LD_RUNPATH_SEARCH_PATHS = "$(inherited) @executable_path/Frameworks";
				PRODUCT_NAME = "$(TARGET_NAME)";
			};
			name = Release;
		};
		52BD6B2B1C194D0600F135EA /* Debug */ = {
			isa = XCBuildConfiguration;
			buildSettings = {
				BUNDLE_LOADER = "$(TEST_HOST)";
				FRAMEWORK_SEARCH_PATHS = (
					"$(SDKROOT)/Developer/Library/Frameworks",
					"$(inherited)",
				);
				GCC_PREPROCESSOR_DEFINITIONS = (
					"DEBUG=1",
					"$(inherited)",
				);
				INFOPLIST_FILE = TKTokenTextViewTests/Info.plist;
				LD_RUNPATH_SEARCH_PATHS = "$(inherited) @executable_path/Frameworks @loader_path/Frameworks";
				PRODUCT_NAME = "$(TARGET_NAME)";
				TEST_HOST = "$(BUILT_PRODUCTS_DIR)/TKTokenTextView.app/TKTokenTextView";
			};
			name = Debug;
		};
		52BD6B2C1C194D0600F135EA /* Release */ = {
			isa = XCBuildConfiguration;
			buildSettings = {
				BUNDLE_LOADER = "$(TEST_HOST)";
				FRAMEWORK_SEARCH_PATHS = (
					"$(SDKROOT)/Developer/Library/Frameworks",
					"$(inherited)",
				);
				INFOPLIST_FILE = TKTokenTextViewTests/Info.plist;
				LD_RUNPATH_SEARCH_PATHS = "$(inherited) @executable_path/Frameworks @loader_path/Frameworks";
				PRODUCT_NAME = "$(TARGET_NAME)";
				TEST_HOST = "$(BUILT_PRODUCTS_DIR)/TKTokenTextView.app/TKTokenTextView";
			};
			name = Release;
		};
/* End XCBuildConfiguration section */

/* Begin XCConfigurationList section */
		52BD6AFF1C194D0600F135EA /* Build configuration list for PBXProject "TKTokenTextView" */ = {
			isa = XCConfigurationList;
			buildConfigurations = (
				52BD6B251C194D0600F135EA /* Debug */,
				52BD6B261C194D0600F135EA /* Release */,
			);
			defaultConfigurationIsVisible = 0;
			defaultConfigurationName = Release;
		};
		52BD6B271C194D0600F135EA /* Build configuration list for PBXNativeTarget "TKTokenTextView" */ = {
			isa = XCConfigurationList;
			buildConfigurations = (
				52BD6B281C194D0600F135EA /* Debug */,
				52BD6B291C194D0600F135EA /* Release */,
			);
			defaultConfigurationIsVisible = 0;
			defaultConfigurationName = Release;
		};
		52BD6B2A1C194D0600F135EA /* Build configuration list for PBXNativeTarget "TKTokenTextViewTests" */ = {
			isa = XCConfigurationList;
			buildConfigurations = (
				52BD6B2B1C194D0600F135EA /* Debug */,
				52BD6B2C1C194D0600F135EA /* Release */,
			);
			defaultConfigurationIsVisible = 0;
			defaultConfigurationName = Release;
		};
/* End XCConfigurationList section */
	};
	rootObject = 52BD6AFC1C194D0600F135EA /* Project object */;
}
